
Microsoft Visual Studio Solution File, Format Version 12.00
# Visual Studio Version 16
VisualStudioVersion = 16.0.29905.134
MinimumVisualStudioVersion = 10.0.40219.1
Project("{8BC9CEB8-8B4A-11D0-8D11-00A0C91BC942}") = "21_툴바2", "21_툴바2\21_툴바2.vcxproj", "{F490EB63-6280-4FBB-9C77-F5F7D4D1EEA7}"
EndProject
Global
	GlobalSection(SolutionConfigurationPlatforms) = preSolution
		Debug|x64 = Debug|x64
		Debug|x86 = Debug|x86
		Release|x64 = Release|x64
		Release|x86 = Release|x86
	EndGlobalSection
	GlobalSection(ProjectConfigurationPlatforms) = postSolution
		{F490EB63-6280-4FBB-9C77-F5F7D4D1EEA7}.Debug|x64.ActiveCfg = Debug|x64
		{F490EB63-6280-4FBB-9C77-F5F7D4D1EEA7}.Debug|x64.Build.0 = Debug|x64
		{F490EB63-6280-4FBB-9C77-F5F7D4D1EEA7}.Debug|x86.ActiveCfg = Debug|Win32
		{F490EB63-6280-4FBB-9C77-F5F7D4D1EEA7}.Debug|x86.Build.0 = Debug|Win32
		{F490EB63-6280-4FBB-9C77-F5F7D4D1EEA7}.Release|x64.ActiveCfg = Release|x64
		{F490EB63-6280-4FBB-9C77-F5F7D4D1EEA7}.Release|x64.Build.0 = Release|x64
		{F490EB63-6280-4FBB-9C77-F5F7D4D1EEA7}.Release|x86.ActiveCfg = Release|Win32
		{F490EB63-6280-4FBB-9C77-F5F7D4D1EEA7}.Release|x86.Build.0 = Release|Win32
	EndGlobalSection
	GlobalSection(SolutionProperties) = preSolution
		HideSolutionNode = FALSE
	EndGlobalSection
	GlobalSection(ExtensibilityGlobals) = postSolution
		SolutionGuid = {4644FA6F-DE3C-4D4D-97F3-1CEEFB49FA3B}
	EndGlobalSection
EndGlobal
